
Microsoft Visual Studio Solution File, Format Version 12.00
# Visual Studio Version 16
VisualStudioVersion = 16.0.29926.136
MinimumVisualStudioVersion = 10.0.40219.1
Project("{FAE04EC0-301F-11D3-BF4B-00C04F79EFBC}") = "r0p3_Password_Manager.Android", "r0p3 Password Manager\r0p3 Password Manager.Android\r0p3_Password_Manager.Android.csproj", "{74E7A771-9E9D-4321-9866-181A11EA98C0}"
EndProject
Project("{FAE04EC0-301F-11D3-BF4B-00C04F79EFBC}") = "r0p3_Password_Manager.iOS", "r0p3 Password Manager\r0p3 Password Manager.iOS\r0p3_Password_Manager.iOS.csproj", "{2C989E09-60BC-45E4-A5EB-CC11D33F9A00}"
EndProject
Project("{9A19103F-16F7-4668-BE54-9A1E7A4F7556}") = "r0p3_Password_Manager", "r0p3 Password Manager\r0p3 Password Manager\r0p3_Password_Manager.csproj", "{839A00C2-2895-4299-B461-CA84C0F0AB09}"
EndProject
Global
	GlobalSection(SolutionConfigurationPlatforms) = preSolution
		Debug|Any CPU = Debug|Any CPU
		Debug|iPhone = Debug|iPhone
		Debug|iPhoneSimulator = Debug|iPhoneSimulator
		Release|Any CPU = Release|Any CPU
		Release|iPhone = Release|iPhone
		Release|iPhoneSimulator = Release|iPhoneSimulator
	EndGlobalSection
	GlobalSection(ProjectConfigurationPlatforms) = postSolution
		{74E7A771-9E9D-4321-9866-181A11EA98C0}.Debug|Any CPU.ActiveCfg = Debug|Any CPU
		{74E7A771-9E9D-4321-9866-181A11EA98C0}.Debug|Any CPU.Build.0 = Debug|Any CPU
		{74E7A771-9E9D-4321-9866-181A11EA98C0}.Debug|Any CPU.Deploy.0 = Debug|Any CPU
		{74E7A771-9E9D-4321-9866-181A11EA98C0}.Debug|iPhone.ActiveCfg = Debug|Any CPU
		{74E7A771-9E9D-4321-9866-181A11EA98C0}.Debug|iPhone.Build.0 = Debug|Any CPU
		{74E7A771-9E9D-4321-9866-181A11EA98C0}.Debug|iPhone.Deploy.0 = Debug|Any CPU
		{74E7A771-9E9D-4321-9866-181A11EA98C0}.Debug|iPhoneSimulator.ActiveCfg = Debug|Any CPU
		{74E7A771-9E9D-4321-9866-181A11EA98C0}.Debug|iPhoneSimulator.Build.0 = Debug|Any CPU
		{74E7A771-9E9D-4321-9866-181A11EA98C0}.Debug|iPhoneSimulator.Deploy.0 = Debug|Any CPU
		{74E7A771-9E9D-4321-9866-181A11EA98C0}.Release|Any CPU.ActiveCfg = Release|Any CPU
		{74E7A771-9E9D-4321-9866-181A11EA98C0}.Release|Any CPU.Build.0 = Release|Any CPU
		{74E7A771-9E9D-4321-9866-181A11EA98C0}.Release|Any CPU.Deploy.0 = Release|Any CPU
		{74E7A771-9E9D-4321-9866-181A11EA98C0}.Release|iPhone.ActiveCfg = Release|Any CPU
		{74E7A771-9E9D-4321-9866-181A11EA98C0}.Release|iPhone.Build.0 = Release|Any CPU
		{74E7A771-9E9D-4321-9866-181A11EA98C0}.Release|iPhone.Deploy.0 = Release|Any CPU
		{74E7A771-9E9D-4321-9866-181A11EA98C0}.Release|iPhoneSimulator.ActiveCfg = Release|Any CPU
		{74E7A771-9E9D-4321-9866-181A11EA98C0}.Release|iPhoneSimulator.Build.0 = Release|Any CPU
		{74E7A771-9E9D-4321-9866-181A11EA98C0}.Release|iPhoneSimulator.Deploy.0 = Release|Any CPU
		{2C989E09-60BC-45E4-A5EB-CC11D33F9A00}.Debug|Any CPU.ActiveCfg = Debug|iPhone
		{2C989E09-60BC-45E4-A5EB-CC11D33F9A00}.Debug|Any CPU.Build.0 = Debug|iPhone
		{2C989E09-60BC-45E4-A5EB-CC11D33F9A00}.Debug|Any CPU.Deploy.0 = Debug|iPhone
		{2C989E09-60BC-45E4-A5EB-CC11D33F9A00}.Debug|iPhone.ActiveCfg = Debug|iPhone
		{2C989E09-60BC-45E4-A5EB-CC11D33F9A00}.Debug|iPhone.Build.0 = Debug|iPhone
		{2C989E09-60BC-45E4-A5EB-CC11D33F9A00}.Debug|iPhone.Deploy.0 = Debug|iPhone
		{2C989E09-60BC-45E4-A5EB-CC11D33F9A00}.Debug|iPhoneSimulator.ActiveCfg = Debug|iPhoneSimulator
		{2C989E09-60BC-45E4-A5EB-CC11D33F9A00}.Debug|iPhoneSimulator.Build.0 = Debug|iPhoneSimulator
		{2C989E09-60BC-45E4-A5EB-CC11D33F9A00}.Debug|iPhoneSimulator.Deploy.0 = Debug|iPhoneSimulator
		{2C989E09-60BC-45E4-A5EB-CC11D33F9A00}.Release|Any CPU.ActiveCfg = Release|iPhone
		{2C989E09-60BC-45E4-A5EB-CC11D33F9A00}.Release|Any CPU.Build.0 = Release|iPhone
		{2C989E09-60BC-45E4-A5EB-CC11D33F9A00}.Release|Any CPU.Deploy.0 = Release|iPhone
		{2C989E09-60BC-45E4-A5EB-CC11D33F9A00}.Release|iPhone.ActiveCfg = Release|iPhone
		{2C989E09-60BC-45E4-A5EB-CC11D33F9A00}.Release|iPhone.Build.0 = Release|iPhone
		{2C989E09-60BC-45E4-A5EB-CC11D33F9A00}.Release|iPhone.Deploy.0 = Release|iPhone
		{2C989E09-60BC-45E4-A5EB-CC11D33F9A00}.Release|iPhoneSimulator.ActiveCfg = Release|iPhoneSimulator
		{2C989E09-60BC-45E4-A5EB-CC11D33F9A00}.Release|iPhoneSimulator.Build.0 = Release|iPhoneSimulator
		{2C989E09-60BC-45E4-A5EB-CC11D33F9A00}.Release|iPhoneSimulator.Deploy.0 = Release|iPhoneSimulator
		{839A00C2-2895-4299-B461-CA84C0F0AB09}.Debug|Any CPU.ActiveCfg = Debug|Any CPU
		{839A00C2-2895-4299-B461-CA84C0F0AB09}.Debug|Any CPU.Build.0 = Debug|Any CPU
		{839A00C2-2895-4299-B461-CA84C0F0AB09}.Debug|Any CPU.Deploy.0 = Debug|Any CPU
		{839A00C2-2895-4299-B461-CA84C0F0AB09}.Debug|iPhone.ActiveCfg = Debug|Any CPU
		{839A00C2-2895-4299-B461-CA84C0F0AB09}.Debug|iPhone.Build.0 = Debug|Any CPU
		{839A00C2-2895-4299-B461-CA84C0F0AB09}.Debug|iPhone.Deploy.0 = Debug|Any CPU
		{839A00C2-2895-4299-B461-CA84C0F0AB09}.Debug|iPhoneSimulator.ActiveCfg = Debug|Any CPU
		{839A00C2-2895-4299-B461-CA84C0F0AB09}.Debug|iPhoneSimulator.Build.0 = Debug|Any CPU
		{839A00C2-2895-4299-B461-CA84C0F0AB09}.Debug|iPhoneSimulator.Deploy.0 = Debug|Any CPU
		{839A00C2-2895-4299-B461-CA84C0F0AB09}.Release|Any CPU.ActiveCfg = Release|Any CPU
		{839A00C2-2895-4299-B461-CA84C0F0AB09}.Release|Any CPU.Build.0 = Release|Any CPU
		{839A00C2-2895-4299-B461-CA84C0F0AB09}.Release|Any CPU.Deploy.0 = Release|Any CPU
		{839A00C2-2895-4299-B461-CA84C0F0AB09}.Release|iPhone.ActiveCfg = Release|Any CPU
		{839A00C2-2895-4299-B461-CA84C0F0AB09}.Release|iPhone.Build.0 = Release|Any CPU
		{839A00C2-2895-4299-B461-CA84C0F0AB09}.Release|iPhone.Deploy.0 = Release|Any CPU
		{839A00C2-2895-4299-B461-CA84C0F0AB09}.Release|iPhoneSimulator.ActiveCfg = Release|Any CPU
		{839A00C2-2895-4299-B461-CA84C0F0AB09}.Release|iPhoneSimulator.Build.0 = Release|Any CPU
		{839A00C2-2895-4299-B461-CA84C0F0AB09}.Release|iPhoneSimulator.Deploy.0 = Release|Any CPU
	EndGlobalSection
	GlobalSection(SolutionProperties) = preSolution
		HideSolutionNode = FALSE
	EndGlobalSection
	GlobalSection(ExtensibilityGlobals) = postSolution
		SolutionGuid = {A52049D8-7432-4DF0-8456-D54AC390C866}
	EndGlobalSection
EndGlobal
